
Microsoft Visual Studio Solution File, Format Version 12.00
# Visual Studio Version 16
VisualStudioVersion = 16.0.30204.135
MinimumVisualStudioVersion = 10.0.40219.1
Project("{FAE04EC0-301F-11D3-BF4B-00C04F79EFBC}") = "SemiconductorMaterialsCalculator", "SemiconductorMaterialsCalculator\SemiconductorMaterialsCalculator.csproj", "{93A4A51F-1F2A-4894-B3F1-E3044714BDD2}"
EndProject
Global
	GlobalSection(SolutionConfigurationPlatforms) = preSolution
		Debug|Any CPU = Debug|Any CPU
		Release|Any CPU = Release|Any CPU
	EndGlobalSection
	GlobalSection(ProjectConfigurationPlatforms) = postSolution
		{93A4A51F-1F2A-4894-B3F1-E3044714BDD2}.Debug|Any CPU.ActiveCfg = Debug|Any CPU
		{93A4A51F-1F2A-4894-B3F1-E3044714BDD2}.Debug|Any CPU.Build.0 = Debug|Any CPU
		{93A4A51F-1F2A-4894-B3F1-E3044714BDD2}.Release|Any CPU.ActiveCfg = Release|Any CPU
		{93A4A51F-1F2A-4894-B3F1-E3044714BDD2}.Release|Any CPU.Build.0 = Release|Any CPU
	EndGlobalSection
	GlobalSection(SolutionProperties) = preSolution
		HideSolutionNode = FALSE
	EndGlobalSection
	GlobalSection(ExtensibilityGlobals) = postSolution
		SolutionGuid = {BF657FE8-69C6-4692-BE03-7E859829419A}
	EndGlobalSection
EndGlobal
